Microsoft Visual Studio Solution File, Format Version 12.00
# Visual Studio Version 16
VisualStudioVersion = 16.0.30204.135
MinimumVisualStudioVersion = 10.0.40219.1
Project("{9A19103F-16F7-4668-BE54-9A1E7A4F7556}") = "Tailspin.SpaceGame.Web", "Tailspin.SpaceGame.Web\Tailspin.SpaceGame.Web.csproj", "{A0C4E31E-AC75-4F39-9F59-0AA19D9B8F46}"
EndProject
Project("{00D1A9C2-B5F0-4AF3-8072-F6C62B433612}") = "Tailspin.SpaceGame.Database", "Tailspin.SpaceGame.Database\Tailspin.SpaceGame.Database.sqlproj", "{8BAA5C4E-F217-4E45-8473-1EBAE2684BFF}"
EndProject
Project("{9A19103F-16F7-4668-BE54-9A1E7A4F7556}") = "Tailspin.SpaceGame.Web.UITests", "Tailspin.SpaceGame.Web.UITests\Tailspin.SpaceGame.Web.UITests.csproj", "{82390588-99C4-4802-AB78-05146C3023A5}"
EndProject
Global
	GlobalSection(SolutionConfigurationPlatforms) = preSolution
		Debug|Any CPU = Debug|Any CPU
		Release|Any CPU = Release|Any CPU
	EndGlobalSection
	GlobalSection(ProjectConfigurationPlatforms) = postSolution
		{A0C4E31E-AC75-4F39-9F59-0AA19D9B8F46}.Debug|Any CPU.ActiveCfg = Debug|Any CPU
		{A0C4E31E-AC75-4F39-9F59-0AA19D9B8F46}.Debug|Any CPU.Build.0 = Debug|Any CPU
		{A0C4E31E-AC75-4F39-9F59-0AA19D9B8F46}.Release|Any CPU.ActiveCfg = Release|Any CPU
		{A0C4E31E-AC75-4F39-9F59-0AA19D9B8F46}.Release|Any CPU.Build.0 = Release|Any CPU
		{8BAA5C4E-F217-4E45-8473-1EBAE2684BFF}.Debug|Any CPU.ActiveCfg = Debug|Any CPU
		{8BAA5C4E-F217-4E45-8473-1EBAE2684BFF}.Debug|Any CPU.Build.0 = Debug|Any CPU
		{8BAA5C4E-F217-4E45-8473-1EBAE2684BFF}.Debug|Any CPU.Deploy.0 = Debug|Any CPU
		{8BAA5C4E-F217-4E45-8473-1EBAE2684BFF}.Release|Any CPU.ActiveCfg = Release|Any CPU
		{8BAA5C4E-F217-4E45-8473-1EBAE2684BFF}.Release|Any CPU.Build.0 = Release|Any CPU
		{8BAA5C4E-F217-4E45-8473-1EBAE2684BFF}.Release|Any CPU.Deploy.0 = Release|Any CPU
		{82390588-99C4-4802-AB78-05146C3023A5}.Debug|Any CPU.ActiveCfg = Debug|Any CPU
		{82390588-99C4-4802-AB78-05146C3023A5}.Debug|Any CPU.Build.0 = Debug|Any CPU
		{82390588-99C4-4802-AB78-05146C3023A5}.Release|Any CPU.ActiveCfg = Release|Any CPU
		{82390588-99C4-4802-AB78-05146C3023A5}.Release|Any CPU.Build.0 = Release|Any CPU
	EndGlobalSection
	GlobalSection(SolutionProperties) = preSolution
		HideSolutionNode = FALSE
	EndGlobalSection
	GlobalSection(ExtensibilityGlobals) = postSolution
		SolutionGuid = {7F098CB2-A2C4-4B93-9DA1-127DDFB7E1E0}
	EndGlobalSection
EndGlobal
